// !$*UTF8*$!
{
	archiveVersion = 1;
	classes = {
	};
	objectVersion = 56;
	objects = {

/* Begin PBXBuildFile section */
		74E289BE2A7C21FC003072EC /* main.swift in Sources */ = {isa = PBXBuildFile; fileRef = 74E289BD2A7C21FC003072EC /* main.swift */; };
		74E289C52A7C220C003072EC /* Chapter1.swift in Sources */ = {isa = PBXBuildFile; fileRef = 74E289C42A7C220C003072EC /* Chapter1.swift */; };
		74E289C72A7C2211003072EC /* Chapter2.swift in Sources */ = {isa = PBXBuildFile; fileRef = 74E289C62A7C2211003072EC /* Chapter2.swift */; };
		74E289C92A7C221D003072EC /* Chapter3.swift in Sources */ = {isa = PBXBuildFile; fileRef = 74E289C82A7C221D003072EC /* Chapter3.swift */; };
		74E289CB2A7C2221003072EC /* Chapter4.swift in Sources */ = {isa = PBXBuildFile; fileRef = 74E289CA2A7C2221003072EC /* Chapter4.swift */; };
		74E289CD2A7C222C003072EC /* Chapter5.swift in Sources */ = {isa = PBXBuildFile; fileRef = 74E289CC2A7C222C003072EC /* Chapter5.swift */; };
/* End PBXBuildFile section */

/* Begin PBXCopyFilesBuildPhase section */
		74E289B82A7C21FC003072EC /* CopyFiles */ = {
			isa = PBXCopyFilesBuildPhase;
			buildActionMask = 2147483647;
			dstPath = /usr/share/man/man1/;
			dstSubfolderSpec = 0;
			files = (
			);
			runOnlyForDeploymentPostprocessing = 1;
		};
/* End PBXCopyFilesBuildPhase section */

/* Begin PBXFileReference section */
		74E289BA2A7C21FC003072EC /* TheDreamTeam */ = {isa = PBXFileReference; explicitFileType = "compiled.mach-o.executable"; includeInIndex = 0; path = TheDreamTeam; sourceTree = BUILT_PRODUCTS_DIR; };
		74E289BD2A7C21FC003072EC /* main.swift */ = {isa = PBXFileReference; lastKnownFileType = sourcecode.swift; path = main.swift; sourceTree = "<group>"; };
		74E289C42A7C220C003072EC /* Chapter1.swift */ = {isa = PBXFileReference; lastKnownFileType = sourcecode.swift; path = Chapter1.swift; sourceTree = "<group>"; };
		74E289C62A7C2211003072EC /* Chapter2.swift */ = {isa = PBXFileReference; lastKnownFileType = sourcecode.swift; path = Chapter2.swift; sourceTree = "<group>"; };
		74E289C82A7C221D003072EC /* Chapter3.swift */ = {isa = PBXFileReference; lastKnownFileType = sourcecode.swift; path = Chapter3.swift; sourceTree = "<group>"; };
		74E289CA2A7C2221003072EC /* Chapter4.swift */ = {isa = PBXFileReference; lastKnownFileType = sourcecode.swift; path = Chapter4.swift; sourceTree = "<group>"; };
		74E289CC2A7C222C003072EC /* Chapter5.swift */ = {isa = PBXFileReference; lastKnownFileType = sourcecode.swift; path = Chapter5.swift; sourceTree = "<group>"; };
/* End PBXFileReference section */

/* Begin PBXFrameworksBuildPhase section */
		74E289B72A7C21FC003072EC /* Frameworks */ = {
			isa = PBXFrameworksBuildPhase;
			buildActionMask = 2147483647;
			files = (
			);
			runOnlyForDeploymentPostprocessing = 0;
		};
/* End PBXFrameworksBuildPhase section */

/* Begin PBXGroup section */
		74E289B12A7C21FC003072EC = {
			isa = PBXGroup;
			children = (
				74E289BC2A7C21FC003072EC /* CLIStoryTemplate */,
				74E289BB2A7C21FC003072EC /* Products */,
			);
			sourceTree = "<group>";
		};
		74E289BB2A7C21FC003072EC /* Products */ = {
			isa = PBXGroup;
			children = (
				74E289BA2A7C21FC003072EC /* TheDreamTeam */,
			);
			name = Products;
			sourceTree = "<group>";
		};
		74E289BC2A7C21FC003072EC /* CLIStoryTemplate */ = {
			isa = PBXGroup;
			children = (
				74E289BD2A7C21FC003072EC /* main.swift */,
				74E289CE2A7C22DA003072EC /* Chapter 1 */,
				74E289CF2A7C22F9003072EC /* Chapter 2 */,
				74E289D02A7C22FF003072EC /* Chapter 3 */,
				74E289D12A7C2307003072EC /* Chapter 4 */,
				74E289D22A7C230C003072EC /* Chapter 5 */,
			);
			path = CLIStoryTemplate;
			sourceTree = "<group>";
		};
		74E289CE2A7C22DA003072EC /* Chapter 1 */ = {
			isa = PBXGroup;
			children = (
				74E289C42A7C220C003072EC /* Chapter1.swift */,
			);
			path = "Chapter 1";
			sourceTree = "<group>";
		};
		74E289CF2A7C22F9003072EC /* Chapter 2 */ = {
			isa = PBXGroup;
			children = (
				74E289C62A7C2211003072EC /* Chapter2.swift */,
			);
			path = "Chapter 2";
			sourceTree = "<group>";
		};
		74E289D02A7C22FF003072EC /* Chapter 3 */ = {
			isa = PBXGroup;
			children = (
				74E289C82A7C221D003072EC /* Chapter3.swift */,
			);
			path = "Chapter 3";
			sourceTree = "<group>";
		};
		74E289D12A7C2307003072EC /* Chapter 4 */ = {
			isa = PBXGroup;
			children = (
				74E289CA2A7C2221003072EC /* Chapter4.swift */,
			);
			path = "Chapter 4";
			sourceTree = "<group>";
		};
		74E289D22A7C230C003072EC /* Chapter 5 */ = {
			isa = PBXGroup;
			children = (
				74E289CC2A7C222C003072EC /* Chapter5.swift */,
			);
			path = "Chapter 5";
			sourceTree = "<group>";
		};
/* End PBXGroup section */

/* Begin PBXNativeTarget section */
		74E289B92A7C21FC003072EC /* TheDreamTeam */ = {
			isa = PBXNativeTarget;
			buildConfigurationList = 74E289C12A7C21FC003072EC /* Build configuration list for PBXNativeTarget "TheDreamTeam" */;
			buildPhases = (
				74E289B62A7C21FC003072EC /* Sources */,
				74E289B72A7C21FC003072EC /* Frameworks */,
				74E289B82A7C21FC003072EC /* CopyFiles */,
			);
			buildRules = (
			);
			dependencies = (
			);
			name = TheDreamTeam;
			productName = CLIStoryTemplate;
			productReference = 74E289BA2A7C21FC003072EC /* TheDreamTeam */;
			productType = "com.apple.product-type.tool";
		};
/* End PBXNativeTarget section */

/* Begin PBXProject section */
		74E289B22A7C21FC003072EC /* Project object */ = {
			isa = PBXProject;
			attributes = {
				BuildIndependentTargetsInParallel = 1;
				LastSwiftUpdateCheck = 1430;
				LastUpgradeCheck = 1430;
				TargetAttributes = {
					74E289B92A7C21FC003072EC = {
						CreatedOnToolsVersion = 14.3;
					};
				};
			};
			buildConfigurationList = 74E289B52A7C21FC003072EC /* Build configuration list for PBXProject "TheDreamTeam" */;
			compatibilityVersion = "Xcode 14.0";
			developmentRegion = en;
			hasScannedForEncodings = 0;
			knownRegions = (
				en,
				Base,
			);
			mainGroup = 74E289B12A7C21FC003072EC;
			productRefGroup = 74E289BB2A7C21FC003072EC /* Products */;
			projectDirPath = "";
			projectRoot = "";
			targets = (
				74E289B92A7C21FC003072EC /* TheDreamTeam */,
			);
		};
/* End PBXProject section */

/* Begin PBXSourcesBuildPhase section */
		74E289B62A7C21FC003072EC /* Sources */ = {
			isa = PBXSourcesBuildPhase;
			buildActionMask = 2147483647;
			files = (
				74E289BE2A7C21FC003072EC /* main.swift in Sources */,
				74E289CB2A7C2221003072EC /* Chapter4.swift in Sources */,
				74E289C52A7C220C003072EC /* Chapter1.swift in Sources */,
				74E289C72A7C2211003072EC /* Chapter2.swift in Sources */,
				74E289C92A7C221D003072EC /* Chapter3.swift in Sources */,
				74E289CD2A7C222C003072EC /* Chapter5.swift in Sources */,
			);
			runOnlyForDeploymentPostprocessing = 0;
		};
/* End PBXSourcesBuildPhase section */

/* Begin XCBuildConfiguration section */
		74E289BF2A7C21FC003072EC /* Debug */ = {
			isa = XCBuildConfiguration;
			buildSettings = {
				ALWAYS_SEARCH_USER_PATHS = NO;
				CLANG_ANALYZER_NONNULL = YES;
				CLANG_ANALYZER_NUMBER_OBJECT_CONVERSION = YES_AGGRESSIVE;
				CLANG_CXX_LANGUAGE_STANDARD = "gnu++20";
				CLANG_ENABLE_MODULES = YES;
				CLANG_ENABLE_OBJC_ARC = YES;
				CLANG_ENABLE_OBJC_WEAK = YES;
				CLANG_WARN_BLOCK_CAPTURE_AUTORELEASING = YES;
				CLANG_WARN_BOOL_CONVERSION = YES;
				CLANG_WARN_COMMA = YES;
				CLANG_WARN_CONSTANT_CONVERSION = YES;
				CLANG_WARN_DEPRECATED_OBJC_IMPLEMENTATIONS = YES;
				CLANG_WARN_DIRECT_OBJC_ISA_USAGE = YES_ERROR;
				CLANG_WARN_DOCUMENTATION_COMMENTS = YES;
				CLANG_WARN_EMPTY_BODY = YES;
				CLANG_WARN_ENUM_CONVERSION = YES;
				CLANG_WARN_INFINITE_RECURSION = YES;
				CLANG_WARN_INT_CONVERSION = YES;
				CLANG_WARN_NON_LITERAL_NULL_CONVERSION = YES;
				CLANG_WARN_OBJC_IMPLICIT_RETAIN_SELF = YES;
				CLANG_WARN_OBJC_LITERAL_CONVERSION = YES;
				CLANG_WARN_OBJC_ROOT_CLASS = YES_ERROR;
				CLANG_WARN_QUOTED_INCLUDE_IN_FRAMEWORK_HEADER = YES;
				CLANG_WARN_RANGE_LOOP_ANALYSIS = YES;
				CLANG_WARN_STRICT_PROTOTYPES = YES;
				CLANG_WARN_SUSPICIOUS_MOVE = YES;
				CLANG_WARN_UNGUARDED_AVAILABILITY = YES_AGGRESSIVE;
				CLANG_WARN_UNREACHABLE_CODE = YES;
				CLANG_WARN__DUPLICATE_METHOD_MATCH = YES;
				COPY_PHASE_STRIP = NO;
				DEBUG_INFORMATION_FORMAT = dwarf;
				ENABLE_STRICT_OBJC_MSGSEND = YES;
				ENABLE_TESTABILITY = YES;
				GCC_C_LANGUAGE_STANDARD = gnu11;
				GCC_DYNAMIC_NO_PIC = NO;
				GCC_NO_COMMON_BLOCKS = YES;
				GCC_OPTIMIZATION_LEVEL = 0;
				GCC_PREPROCESSOR_DEFINITIONS = (
					"DEBUG=1",
					"$(inherited)",
				);
				GCC_WARN_64_TO_32_BIT_CONVERSION = YES;
				GCC_WARN_ABOUT_RETURN_TYPE = YES_ERROR;
				GCC_WARN_UNDECLARED_SELECTOR = YES;
				GCC_WARN_UNINITIALIZED_AUTOS = YES_AGGRESSIVE;
				GCC_WARN_UNUSED_FUNCTION = YES;
				GCC_WARN_UNUSED_VARIABLE = YES;
				MACOSX_DEPLOYMENT_TARGET = 13.3;
				MTL_ENABLE_DEBUG_INFO = INCLUDE_SOURCE;
				MTL_FAST_MATH = YES;
				ONLY_ACTIVE_ARCH = YES;
				SDKROOT = macosx;
				SWIFT_ACTIVE_COMPILATION_CONDITIONS = DEBUG;
				SWIFT_OPTIMIZATION_LEVEL = "-Onone";
			};
			name = Debug;
		};
		74E289C02A7C21FC003072EC /* Release */ = {
			isa = XCBuildConfiguration;
			buildSettings = {
				ALWAYS_SEARCH_USER_PATHS = NO;
				CLANG_ANALYZER_NONNULL = YES;
				CLANG_ANALYZER_NUMBER_OBJECT_CONVERSION = YES_AGGRESSIVE;
				CLANG_CXX_LANGUAGE_STANDARD = "gnu++20";
				CLANG_ENABLE_MODULES = YES;
				CLANG_ENABLE_OBJC_ARC = YES;
				CLANG_ENABLE_OBJC_WEAK = YES;
				CLANG_WARN_BLOCK_CAPTURE_AUTORELEASING = YES;
				CLANG_WARN_BOOL_CONVERSION = YES;
				CLANG_WARN_COMMA = YES;
				CLANG_WARN_CONSTANT_CONVERSION = YES;
				CLANG_WARN_DEPRECATED_OBJC_IMPLEMENTATIONS = YES;
				CLANG_WARN_DIRECT_OBJC_ISA_USAGE = YES_ERROR;
				CLANG_WARN_DOCUMENTATION_COMMENTS = YES;
				CLANG_WARN_EMPTY_BODY = YES;
				CLANG_WARN_ENUM_CONVERSION = YES;
				CLANG_WARN_INFINITE_RECURSION = YES;
				CLANG_WARN_INT_CONVERSION = YES;
				CLANG_WARN_NON_LITERAL_NULL_CONVERSION = YES;
				CLANG_WARN_OBJC_IMPLICIT_RETAIN_SELF = YES;
				CLANG_WARN_OBJC_LITERAL_CONVERSION = YES;
				CLANG_WARN_OBJC_ROOT_CLASS = YES_ERROR;
				CLANG_WARN_QUOTED_INCLUDE_IN_FRAMEWORK_HEADER = YES;
				CLANG_WARN_RANGE_LOOP_ANALYSIS = YES;
				CLANG_WARN_STRICT_PROTOTYPES = YES;
				CLANG_WARN_SUSPICIOUS_MOVE = YES;
				CLANG_WARN_UNGUARDED_AVAILABILITY = YES_AGGRESSIVE;
				CLANG_WARN_UNREACHABLE_CODE = YES;
				CLANG_WARN__DUPLICATE_METHOD_MATCH = YES;
				COPY_PHASE_STRIP = NO;
				DEBUG_INFORMATION_FORMAT = "dwarf-with-dsym";
				ENABLE_NS_ASSERTIONS = NO;
				ENABLE_STRICT_OBJC_MSGSEND = YES;
				GCC_C_LANGUAGE_STANDARD = gnu11;
				GCC_NO_COMMON_BLOCKS = YES;
				GCC_WARN_64_TO_32_BIT_CONVERSION = YES;
				GCC_WARN_ABOUT_RETURN_TYPE = YES_ERROR;
				GCC_WARN_UNDECLARED_SELECTOR = YES;
				GCC_WARN_UNINITIALIZED_AUTOS = YES_AGGRESSIVE;
				GCC_WARN_UNUSED_FUNCTION = YES;
				GCC_WARN_UNUSED_VARIABLE = YES;
				MACOSX_DEPLOYMENT_TARGET = 13.3;
				MTL_ENABLE_DEBUG_INFO = NO;
				MTL_FAST_MATH = YES;
				SDKROOT = macosx;
				SWIFT_COMPILATION_MODE = wholemodule;
				SWIFT_OPTIMIZATION_LEVEL = "-O";
			};
			name = Release;
		};
		74E289C22A7C21FC003072EC /* Debug */ = {
			isa = XCBuildConfiguration;
			buildSettings = {
				CODE_SIGN_STYLE = Automatic;
				DEVELOPMENT_TEAM = "";
				ENABLE_HARDENED_RUNTIME = YES;
				PRODUCT_NAME = "$(TARGET_NAME)";
				SWIFT_VERSION = 5.0;
			};
			name = Debug;
		};
		74E289C32A7C21FC003072EC /* Release */ = {
			isa = XCBuildConfiguration;
			buildSettings = {
				CODE_SIGN_STYLE = Automatic;
				DEVELOPMENT_TEAM = "";
				ENABLE_HARDENED_RUNTIME = YES;
				PRODUCT_NAME = "$(TARGET_NAME)";
				SWIFT_VERSION = 5.0;
			};
			name = Release;
		};
/* End XCBuildConfiguration section */

/* Begin XCConfigurationList section */
		74E289B52A7C21FC003072EC /* Build configuration list for PBXProject "TheDreamTeam" */ = {
			isa = XCConfigurationList;
			buildConfigurations = (
				74E289BF2A7C21FC003072EC /* Debug */,
				74E289C02A7C21FC003072EC /* Release */,
			);
			defaultConfigurationIsVisible = 0;
			defaultConfigurationName = Release;
		};
		74E289C12A7C21FC003072EC /* Build configuration list for PBXNativeTarget "TheDreamTeam" */ = {
			isa = XCConfigurationList;
			buildConfigurations = (
				74E289C22A7C21FC003072EC /* Debug */,
				74E289C32A7C21FC003072EC /* Release */,
			);
			defaultConfigurationIsVisible = 0;
			defaultConfigurationName = Release;
		};
/* End XCConfigurationList section */
	};
	rootObject = 74E289B22A7C21FC003072EC /* Project object */;
}
